{
    "_readme": [
        "This file locks the dependencies of your project to a known state",
        "Read more about it at http://getcomposer.org/doc/01-basic-usage.md#composer-lock-the-lock-file"
    ],
    "hash": "4f197d4215cee56b9fc96adc33b9acb9",
    "packages": [
        {
            "name": "everyman/neo4jphp",
            "version": "dev-master",
            "source": {
                "type": "git",
                "url": "https://github.com/jadell/neo4jphp.git",
                "reference": "70cb6acc7d822f4c18a86eb04b289356668ce4ad"
            },
            "dist": {
                "type": "zip",
                "url": "https://api.github.com/repos/jadell/neo4jphp/zipball/70cb6acc7d822f4c18a86eb04b289356668ce4ad",
                "reference": "70cb6acc7d822f4c18a86eb04b289356668ce4ad",
                "shasum": ""
            },
            "require": {
                "ext-curl": "*",
                "php": ">=5.3.0"
            },
            "type": "library",
            "autoload": {
                "psr-0": {
                    "Everyman\\Neo4j": "lib/"
                }
            },
            "notification-url": "https://packagist.org/downloads/",
            "license": [
                "MIT"
            ],
            "authors": [
                {
                    "name": "Josh Adell",
                    "email": "josh.adell@gmail.com",
                    "homepage": "http://joshadell.com"
                }
            ],
            "description": "Wrapper for the Neo4j graph database REST interface",
            "homepage": "http://github.com/jadell/neo4jphp/wiki",
            "keywords": [
                "database",
                "graph",
                "neo4j"
            ],
            "time": "2013-03-07 01:50:01"
        },
        {
            "name": "phpsec/phpsec",
            "version": "0.6.1",
            "source": {
                "type": "git",
                "url": "https://github.com/phpsec/phpSec.git",
                "reference": "0.6.1"
            },
            "dist": {
                "type": "zip",
                "url": "https://api.github.com/repos/phpsec/phpSec/zipball/0.6.1",
                "reference": "0.6.1",
                "shasum": ""
            },
            "require": {
                "php": ">=5.3.7"
            },
            "suggest": {
                "ext-mcrypt": "The Mcrypt extension is used to encrypt data.",
                "ext-openssl": "The OpenSSL extension is used as a secure source of random data."
            },
            "type": "library",
            "autoload": {
                "psr-0": {
                    "phpSec": "lib/"
                }
            },
            "notification-url": "https://packagist.org/downloads/",
            "license": [
                "MIT"
            ],
            "authors": [
                {
                    "name": "Audun Larsen",
                    "email": "larsen@xqus.com",
                    "homepage": "http://xqus.com",
                    "role": "Developer"
                }
            ],
            "description": "A PHP security library",
            "homepage": "https://phpseclib.com/",
            "keywords": [
                "authy",
                "cryptography",
                "encryption",
                "google auth",
                "otp",
                "security",
                "session",
                "yubikey"
            ],
            "time": "2013-02-25 16:31:04"
        },
        {
            "name": "slim/slim",
            "version": "2.2.0",
            "source": {
                "type": "git",
                "url": "https://github.com/codeguy/Slim",
                "reference": "2.2.0"
            },
            "dist": {
                "type": "zip",
                "url": "https://github.com/codeguy/Slim/archive/2.2.0.zip",
                "reference": "2.2.0",
                "shasum": ""
            },
            "require": {
                "php": ">=5.3.0"
            },
            "type": "library",
            "autoload": {
                "psr-0": {
                    "Slim": "."
                }
            },
            "notification-url": "https://packagist.org/downloads/",
            "license": [
                "MIT"
            ],
            "authors": [
                {
                    "name": "Josh Lockhart",
                    "email": "info@joshlockhart.com",
                    "homepage": "http://www.joshlockhart.com/"
                }
            ],
            "description": "Slim Framework, a PHP micro framework",
            "homepage": "http://github.com/codeguy/Slim",
            "keywords": [
                "microframework",
                "rest",
                "router"
            ],
            "time": "2012-12-13 02:15:50"
        }
    ],
    "packages-dev": [

    ],
    "aliases": [

    ],
    "minimum-stability": "stable",
    "stability-flags": {
        "everyman/neo4jphp": 20
    },
    "platform": [

    ],
    "platform-dev": [

    ]
}
